
Microsoft Visual Studio Solution File, Format Version 12.00
# Visual Studio Version 17
VisualStudioVersion = 17.4.33110.190
MinimumVisualStudioVersion = 10.0.40219.1
Project("{9A19103F-16F7-4668-BE54-9A1E7A4F7556}") = "HighlightGames.GreyhoundWinners.GameEngine", "HighlightGames.GreyhoundWinners.GameEngine\HighlightGames.GreyhoundWinners.GameEngine.csproj", "{FBEAFE48-3745-427F-A611-0F3E7C67C0C7}"
EndProject
Project("{9A19103F-16F7-4668-BE54-9A1E7A4F7556}") = "HighlightGames.GreyhoundWinners.MarketDumper", "HighlightGames.GreyhoundWinners.MarketDumper\HighlightGames.GreyhoundWinners.MarketDumper.csproj", "{476F32FD-FDFA-43E9-919E-BE010AAAFF01}"
EndProject
Project("{9A19103F-16F7-4668-BE54-9A1E7A4F7556}") = "HighlightGames.GreyhoundWinners.ReturnsSimulator", "HighlightGames.GreyhoundWinners.ReturnsSimulator\HighlightGames.GreyhoundWinners.ReturnsSimulator.csproj", "{78423987-2D42-4E1B-9417-656A80715827}"
EndProject
Global
	GlobalSection(SolutionConfigurationPlatforms) = preSolution
		Debug|Any CPU = Debug|Any CPU
		Release|Any CPU = Release|Any CPU
	EndGlobalSection
	GlobalSection(ProjectConfigurationPlatforms) = postSolution
		{FBEAFE48-3745-427F-A611-0F3E7C67C0C7}.Debug|Any CPU.ActiveCfg = Debug|Any CPU
		{FBEAFE48-3745-427F-A611-0F3E7C67C0C7}.Debug|Any CPU.Build.0 = Debug|Any CPU
		{FBEAFE48-3745-427F-A611-0F3E7C67C0C7}.Release|Any CPU.ActiveCfg = Release|Any CPU
		{FBEAFE48-3745-427F-A611-0F3E7C67C0C7}.Release|Any CPU.Build.0 = Release|Any CPU
		{476F32FD-FDFA-43E9-919E-BE010AAAFF01}.Debug|Any CPU.ActiveCfg = Debug|Any CPU
		{476F32FD-FDFA-43E9-919E-BE010AAAFF01}.Debug|Any CPU.Build.0 = Debug|Any CPU
		{476F32FD-FDFA-43E9-919E-BE010AAAFF01}.Release|Any CPU.ActiveCfg = Release|Any CPU
		{476F32FD-FDFA-43E9-919E-BE010AAAFF01}.Release|Any CPU.Build.0 = Release|Any CPU
		{78423987-2D42-4E1B-9417-656A80715827}.Debug|Any CPU.ActiveCfg = Debug|Any CPU
		{78423987-2D42-4E1B-9417-656A80715827}.Debug|Any CPU.Build.0 = Debug|Any CPU
		{78423987-2D42-4E1B-9417-656A80715827}.Release|Any CPU.ActiveCfg = Release|Any CPU
		{78423987-2D42-4E1B-9417-656A80715827}.Release|Any CPU.Build.0 = Release|Any CPU
	EndGlobalSection
	GlobalSection(SolutionProperties) = preSolution
		HideSolutionNode = FALSE
	EndGlobalSection
	GlobalSection(ExtensibilityGlobals) = postSolution
		SolutionGuid = {70CAED27-4028-43FD-B6CA-D5C1344BD96D}
	EndGlobalSection
EndGlobal
