
Microsoft Visual Studio Solution File, Format Version 12.00
Project("{FAE04EC0-301F-11D3-BF4B-00C04F79EFBC}") = "HighlightGames.GreyhoundWinners.GameEngine", "HighlightGames.GreyhoundWinners.GameEngine\HighlightGames.GreyhoundWinners.GameEngine.csproj", "{FBEAFE48-3745-427F-A611-0F3E7C67C0C7}"
EndProject
Project("{FAE04EC0-301F-11D3-BF4B-00C04F79EFBC}") = "HighlightGames.GreyhoundWinners.MarketDumper", "HighlightGames.GreyhoundWinners.MarketDumper\HighlightGames.GreyhoundWinners.MarketDumper.csproj", "{476F32FD-FDFA-43E9-919E-BE010AAAFF01}"
EndProject
Global
	GlobalSection(SolutionConfigurationPlatforms) = preSolution
		Debug|Any CPU = Debug|Any CPU
		Release|Any CPU = Release|Any CPU
	EndGlobalSection
	GlobalSection(ProjectConfigurationPlatforms) = postSolution
		{FBEAFE48-3745-427F-A611-0F3E7C67C0C7}.Debug|Any CPU.ActiveCfg = Debug|Any CPU
		{FBEAFE48-3745-427F-A611-0F3E7C67C0C7}.Debug|Any CPU.Build.0 = Debug|Any CPU
		{FBEAFE48-3745-427F-A611-0F3E7C67C0C7}.Release|Any CPU.ActiveCfg = Release|Any CPU
		{FBEAFE48-3745-427F-A611-0F3E7C67C0C7}.Release|Any CPU.Build.0 = Release|Any CPU
		{476F32FD-FDFA-43E9-919E-BE010AAAFF01}.Debug|Any CPU.ActiveCfg = Debug|Any CPU
		{476F32FD-FDFA-43E9-919E-BE010AAAFF01}.Debug|Any CPU.Build.0 = Debug|Any CPU
		{476F32FD-FDFA-43E9-919E-BE010AAAFF01}.Release|Any CPU.ActiveCfg = Release|Any CPU
		{476F32FD-FDFA-43E9-919E-BE010AAAFF01}.Release|Any CPU.Build.0 = Release|Any CPU
	EndGlobalSection
EndGlobal
